
Microsoft Visual Studio Solution File, Format Version 12.00
# Visual Studio 15
VisualStudioVersion = 15.0.27703.2047
MinimumVisualStudioVersion = 10.0.40219.1
Project("{FAE04EC0-301F-11D3-BF4B-00C04F79EFBC}") = "PontualMoneyTransfer.LogAnalyzer", "PontualMoneyTransfer.LogAnalyzer\PontualMoneyTransfer.LogAnalyzer.csproj", "{866DA155-1D31-41B2-9CC2-1B60B3E5A52A}"
EndProject
Global
	GlobalSection(SolutionConfigurationPlatforms) = preSolution
		Debug|Any CPU = Debug|Any CPU
		Release|Any CPU = Release|Any CPU
	EndGlobalSection
	GlobalSection(ProjectConfigurationPlatforms) = postSolution
		{866DA155-1D31-41B2-9CC2-1B60B3E5A52A}.Debug|Any CPU.ActiveCfg = Debug|Any CPU
		{866DA155-1D31-41B2-9CC2-1B60B3E5A52A}.Debug|Any CPU.Build.0 = Debug|Any CPU
		{866DA155-1D31-41B2-9CC2-1B60B3E5A52A}.Release|Any CPU.ActiveCfg = Release|Any CPU
		{866DA155-1D31-41B2-9CC2-1B60B3E5A52A}.Release|Any CPU.Build.0 = Release|Any CPU
	EndGlobalSection
	GlobalSection(SolutionProperties) = preSolution
		HideSolutionNode = FALSE
	EndGlobalSection
	GlobalSection(ExtensibilityGlobals) = postSolution
		SolutionGuid = {AA31DEF6-6877-4600-921B-FBA0FF7B9083}
	EndGlobalSection
EndGlobal
